
Microsoft Visual Studio Solution File, Format Version 12.00
Project("{FAE04EC0-301F-11D3-BF4B-00C04F79EFBC}") = "A2SVLearningPath_Day5_Task1", "A2SVLearningPath_Day5_Task1\A2SVLearningPath_Day5_Task1.csproj", "{5F2C67DC-9DFA-4E0C-AE32-AEC75811261A}"
EndProject
Global
	GlobalSection(SolutionConfigurationPlatforms) = preSolution
		Debug|Any CPU = Debug|Any CPU
		Release|Any CPU = Release|Any CPU
	EndGlobalSection
	GlobalSection(ProjectConfigurationPlatforms) = postSolution
		{5F2C67DC-9DFA-4E0C-AE32-AEC75811261A}.Debug|Any CPU.ActiveCfg = Debug|Any CPU
		{5F2C67DC-9DFA-4E0C-AE32-AEC75811261A}.Debug|Any CPU.Build.0 = Debug|Any CPU
		{5F2C67DC-9DFA-4E0C-AE32-AEC75811261A}.Release|Any CPU.ActiveCfg = Release|Any CPU
		{5F2C67DC-9DFA-4E0C-AE32-AEC75811261A}.Release|Any CPU.Build.0 = Release|Any CPU
	EndGlobalSection
EndGlobal
