
Microsoft Visual Studio Solution File, Format Version 12.00
Project("{2150E333-8FDC-42A3-9474-1A3956D46DE8}") = "src", "src", "{10523E44-25B2-4220-8F9A-64263096914E}"
EndProject
Project("{2150E333-8FDC-42A3-9474-1A3956D46DE8}") = "test", "test", "{2E44CE47-1EDC-423D-87AB-18B4B0357AE1}"
EndProject
Project("{2150E333-8FDC-42A3-9474-1A3956D46DE8}") = "API", "API", "{870EEFBF-4306-4D81-815C-35DD3EAE2803}"
EndProject
Project("{2150E333-8FDC-42A3-9474-1A3956D46DE8}") = "Core", "Core", "{A54FC653-B9AE-4885-B39F-46735F3B9985}"
EndProject
Project("{2150E333-8FDC-42A3-9474-1A3956D46DE8}") = "Infrastructure", "Infrastructure", "{C55167E7-B05E-46D3-975A-6DF2F6A1B730}"
EndProject
Project("{2150E333-8FDC-42A3-9474-1A3956D46DE8}") = "UI", "UI", "{EA093534-F761-4CBE-BA0D-CA2323AED5BA}"
EndProject
Project("{FAE04EC0-301F-11D3-BF4B-00C04F79EFBC}") = "BlogApp.Domain", "BlogApp.Domain\BlogApp.Domain.csproj", "{34AAC108-95BB-4373-8B85-D43A077F2BA4}"
EndProject
Project("{FAE04EC0-301F-11D3-BF4B-00C04F79EFBC}") = "BlogApp.Application", "BlogApp.Application\BlogApp.Application.csproj", "{73A25CC0-D584-4523-97B1-743FB8906112}"
EndProject
Global
	GlobalSection(SolutionConfigurationPlatforms) = preSolution
		Debug|Any CPU = Debug|Any CPU
		Release|Any CPU = Release|Any CPU
	EndGlobalSection
	GlobalSection(NestedProjects) = preSolution
		{870EEFBF-4306-4D81-815C-35DD3EAE2803} = {10523E44-25B2-4220-8F9A-64263096914E}
		{A54FC653-B9AE-4885-B39F-46735F3B9985} = {10523E44-25B2-4220-8F9A-64263096914E}
		{C55167E7-B05E-46D3-975A-6DF2F6A1B730} = {10523E44-25B2-4220-8F9A-64263096914E}
		{EA093534-F761-4CBE-BA0D-CA2323AED5BA} = {10523E44-25B2-4220-8F9A-64263096914E}
		{34AAC108-95BB-4373-8B85-D43A077F2BA4} = {A54FC653-B9AE-4885-B39F-46735F3B9985}
		{73A25CC0-D584-4523-97B1-743FB8906112} = {A54FC653-B9AE-4885-B39F-46735F3B9985}
	EndGlobalSection
	GlobalSection(ProjectConfigurationPlatforms) = postSolution
		{34AAC108-95BB-4373-8B85-D43A077F2BA4}.Debug|Any CPU.ActiveCfg = Debug|Any CPU
		{34AAC108-95BB-4373-8B85-D43A077F2BA4}.Debug|Any CPU.Build.0 = Debug|Any CPU
		{34AAC108-95BB-4373-8B85-D43A077F2BA4}.Release|Any CPU.ActiveCfg = Release|Any CPU
		{34AAC108-95BB-4373-8B85-D43A077F2BA4}.Release|Any CPU.Build.0 = Release|Any CPU
		{73A25CC0-D584-4523-97B1-743FB8906112}.Debug|Any CPU.ActiveCfg = Debug|Any CPU
		{73A25CC0-D584-4523-97B1-743FB8906112}.Debug|Any CPU.Build.0 = Debug|Any CPU
		{73A25CC0-D584-4523-97B1-743FB8906112}.Release|Any CPU.ActiveCfg = Release|Any CPU
		{73A25CC0-D584-4523-97B1-743FB8906112}.Release|Any CPU.Build.0 = Release|Any CPU
	EndGlobalSection
EndGlobal
