
Microsoft Visual Studio Solution File, Format Version 12.00
Project("{FAE04EC0-301F-11D3-BF4B-00C04F79EFBC}") = "A2SVLearningPath_Day2", "A2SVLearningPath_Day2\A2SVLearningPath_Day2.csproj", "{604B603D-C855-4CE6-9CFA-0C1D83753812}"
EndProject
Global
	GlobalSection(SolutionConfigurationPlatforms) = preSolution
		Debug|Any CPU = Debug|Any CPU
		Release|Any CPU = Release|Any CPU
	EndGlobalSection
	GlobalSection(ProjectConfigurationPlatforms) = postSolution
		{604B603D-C855-4CE6-9CFA-0C1D83753812}.Debug|Any CPU.ActiveCfg = Debug|Any CPU
		{604B603D-C855-4CE6-9CFA-0C1D83753812}.Debug|Any CPU.Build.0 = Debug|Any CPU
		{604B603D-C855-4CE6-9CFA-0C1D83753812}.Release|Any CPU.ActiveCfg = Release|Any CPU
		{604B603D-C855-4CE6-9CFA-0C1D83753812}.Release|Any CPU.Build.0 = Release|Any CPU
	EndGlobalSection
EndGlobal
