
Microsoft Visual Studio Solution File, Format Version 12.00
Project("{FAE04EC0-301F-11D3-BF4B-00C04F79EFBC}") = "A2SVLearningPath_Day7_task", "A2SVLearningPath_Day7_task\A2SVLearningPath_Day7_task.csproj", "{A84E16AC-35DB-4986-B0F3-7644185B0F49}"
EndProject
Global
	GlobalSection(SolutionConfigurationPlatforms) = preSolution
		Debug|Any CPU = Debug|Any CPU
		Release|Any CPU = Release|Any CPU
	EndGlobalSection
	GlobalSection(ProjectConfigurationPlatforms) = postSolution
		{A84E16AC-35DB-4986-B0F3-7644185B0F49}.Debug|Any CPU.ActiveCfg = Debug|Any CPU
		{A84E16AC-35DB-4986-B0F3-7644185B0F49}.Debug|Any CPU.Build.0 = Debug|Any CPU
		{A84E16AC-35DB-4986-B0F3-7644185B0F49}.Release|Any CPU.ActiveCfg = Release|Any CPU
		{A84E16AC-35DB-4986-B0F3-7644185B0F49}.Release|Any CPU.Build.0 = Release|Any CPU
	EndGlobalSection
EndGlobal
